// !$*UTF8*$!
{
	archiveVersion = 1;
	classes = {
	};
	objectVersion = 56;
	objects = {

/* Begin PBXBuildFile section */
		D2ABE3742C4F86F900F4FA04 /* AppDelegate.swift in Sources */ = {isa = PBXBuildFile; fileRef = D2ABE3732C4F86F900F4FA04 /* AppDelegate.swift */; };
		D2ABE3762C4F86F900F4FA04 /* SceneDelegate.swift in Sources */ = {isa = PBXBuildFile; fileRef = D2ABE3752C4F86F900F4FA04 /* SceneDelegate.swift */; };
		D2ABE3782C4F86F900F4FA04 /* ViewController.swift in Sources */ = {isa = PBXBuildFile; fileRef = D2ABE3772C4F86F900F4FA04 /* ViewController.swift */; };
		D2ABE37B2C4F86F900F4FA04 /* Base in Resources */ = {isa = PBXBuildFile; fileRef = D2ABE37A2C4F86F900F4FA04 /* Base */; };
		D2ABE37D2C4F86FA00F4FA04 /* Assets.xcassets in Resources */ = {isa = PBXBuildFile; fileRef = D2ABE37C2C4F86FA00F4FA04 /* Assets.xcassets */; };
		D2ABE3802C4F86FA00F4FA04 /* Base in Resources */ = {isa = PBXBuildFile; fileRef = D2ABE37F2C4F86FA00F4FA04 /* Base */; };
		D2ABE38B2C4F86FA00F4FA04 /* DemoTests.swift in Sources */ = {isa = PBXBuildFile; fileRef = D2ABE38A2C4F86FA00F4FA04 /* DemoTests.swift */; };
		D2ABE3952C4F86FA00F4FA04 /* DemoUITests.swift in Sources */ = {isa = PBXBuildFile; fileRef = D2ABE3942C4F86FA00F4FA04 /* DemoUITests.swift */; };
		D2ABE3972C4F86FA00F4FA04 /* DemoUITestsLaunchTests.swift in Sources */ = {isa = PBXBuildFile; fileRef = D2ABE3962C4F86FA00F4FA04 /* DemoUITestsLaunchTests.swift */; };
/* End PBXBuildFile section */

/* Begin PBXContainerItemProxy section */
		D2ABE3872C4F86FA00F4FA04 /* PBXContainerItemProxy */ = {
			isa = PBXContainerItemProxy;
			containerPortal = D2ABE3682C4F86F900F4FA04 /* Project object */;
			proxyType = 1;
			remoteGlobalIDString = D2ABE36F2C4F86F900F4FA04;
			remoteInfo = Demo;
		};
		D2ABE3912C4F86FA00F4FA04 /* PBXContainerItemProxy */ = {
			isa = PBXContainerItemProxy;
			containerPortal = D2ABE3682C4F86F900F4FA04 /* Project object */;
			proxyType = 1;
			remoteGlobalIDString = D2ABE36F2C4F86F900F4FA04;
			remoteInfo = Demo;
		};
/* End PBXContainerItemProxy section */

/* Begin PBXFileReference section */
		D2ABE3702C4F86F900F4FA04 /* Demo.app */ = {isa = PBXFileReference; explicitFileType = wrapper.application; includeInIndex = 0; path = Demo.app; sourceTree = BUILT_PRODUCTS_DIR; };
		D2ABE3732C4F86F900F4FA04 /* AppDelegate.swift */ = {isa = PBXFileReference; lastKnownFileType = sourcecode.swift; path = AppDelegate.swift; sourceTree = "<group>"; };
		D2ABE3752C4F86F900F4FA04 /* SceneDelegate.swift */ = {isa = PBXFileReference; lastKnownFileType = sourcecode.swift; path = SceneDelegate.swift; sourceTree = "<group>"; };
		D2ABE3772C4F86F900F4FA04 /* ViewController.swift */ = {isa = PBXFileReference; lastKnownFileType = sourcecode.swift; path = ViewController.swift; sourceTree = "<group>"; };
		D2ABE37A2C4F86F900F4FA04 /* Base */ = {isa = PBXFileReference; lastKnownFileType = file.storyboard; name = Base; path = Base.lproj/Main.storyboard; sourceTree = "<group>"; };
		D2ABE37C2C4F86FA00F4FA04 /* Assets.xcassets */ = {isa = PBXFileReference; lastKnownFileType = folder.assetcatalog; path = Assets.xcassets; sourceTree = "<group>"; };
		D2ABE37F2C4F86FA00F4FA04 /* Base */ = {isa = PBXFileReference; lastKnownFileType = file.storyboard; name = Base; path = Base.lproj/LaunchScreen.storyboard; sourceTree = "<group>"; };
		D2ABE3812C4F86FA00F4FA04 /* Info.plist */ = {isa = PBXFileReference; lastKnownFileType = text.plist.xml; path = Info.plist; sourceTree = "<group>"; };
		D2ABE3862C4F86FA00F4FA04 /* DemoTests.xctest */ = {isa = PBXFileReference; explicitFileType = wrapper.cfbundle; includeInIndex = 0; path = DemoTests.xctest; sourceTree = BUILT_PRODUCTS_DIR; };
		D2ABE38A2C4F86FA00F4FA04 /* DemoTests.swift */ = {isa = PBXFileReference; lastKnownFileType = sourcecode.swift; path = DemoTests.swift; sourceTree = "<group>"; };
		D2ABE3902C4F86FA00F4FA04 /* DemoUITests.xctest */ = {isa = PBXFileReference; explicitFileType = wrapper.cfbundle; includeInIndex = 0; path = DemoUITests.xctest; sourceTree = BUILT_PRODUCTS_DIR; };
		D2ABE3942C4F86FA00F4FA04 /* DemoUITests.swift */ = {isa = PBXFileReference; lastKnownFileType = sourcecode.swift; path = DemoUITests.swift; sourceTree = "<group>"; };
		D2ABE3962C4F86FA00F4FA04 /* DemoUITestsLaunchTests.swift */ = {isa = PBXFileReference; lastKnownFileType = sourcecode.swift; path = DemoUITestsLaunchTests.swift; sourceTree = "<group>"; };
/* End PBXFileReference section */

/* Begin PBXFrameworksBuildPhase section */
		D2ABE36D2C4F86F900F4FA04 /* Frameworks */ = {
			isa = PBXFrameworksBuildPhase;
			buildActionMask = 2147483647;
			files = (
			);
			runOnlyForDeploymentPostprocessing = 0;
		};
		D2ABE3832C4F86FA00F4FA04 /* Frameworks */ = {
			isa = PBXFrameworksBuildPhase;
			buildActionMask = 2147483647;
			files = (
			);
			runOnlyForDeploymentPostprocessing = 0;
		};
		D2ABE38D2C4F86FA00F4FA04 /* Frameworks */ = {
			isa = PBXFrameworksBuildPhase;
			buildActionMask = 2147483647;
			files = (
			);
			runOnlyForDeploymentPostprocessing = 0;
		};
/* End PBXFrameworksBuildPhase section */

/* Begin PBXGroup section */
		D2ABE3672C4F86F900F4FA04 = {
			isa = PBXGroup;
			children = (
				D2ABE3722C4F86F900F4FA04 /* Demo */,
				D2ABE3892C4F86FA00F4FA04 /* DemoTests */,
				D2ABE3932C4F86FA00F4FA04 /* DemoUITests */,
				D2ABE3712C4F86F900F4FA04 /* Products */,
			);
			sourceTree = "<group>";
		};
		D2ABE3712C4F86F900F4FA04 /* Products */ = {
			isa = PBXGroup;
			children = (
				D2ABE3702C4F86F900F4FA04 /* Demo.app */,
				D2ABE3862C4F86FA00F4FA04 /* DemoTests.xctest */,
				D2ABE3902C4F86FA00F4FA04 /* DemoUITests.xctest */,
			);
			name = Products;
			sourceTree = "<group>";
		};
		D2ABE3722C4F86F900F4FA04 /* Demo */ = {
			isa = PBXGroup;
			children = (
				D2ABE3732C4F86F900F4FA04 /* AppDelegate.swift */,
				D2ABE3752C4F86F900F4FA04 /* SceneDelegate.swift */,
				D2ABE3772C4F86F900F4FA04 /* ViewController.swift */,
				D2ABE3792C4F86F900F4FA04 /* Main.storyboard */,
				D2ABE37C2C4F86FA00F4FA04 /* Assets.xcassets */,
				D2ABE37E2C4F86FA00F4FA04 /* LaunchScreen.storyboard */,
				D2ABE3812C4F86FA00F4FA04 /* Info.plist */,
			);
			path = Demo;
			sourceTree = "<group>";
		};
		D2ABE3892C4F86FA00F4FA04 /* DemoTests */ = {
			isa = PBXGroup;
			children = (
				D2ABE38A2C4F86FA00F4FA04 /* DemoTests.swift */,
			);
			path = DemoTests;
			sourceTree = "<group>";
		};
		D2ABE3932C4F86FA00F4FA04 /* DemoUITests */ = {
			isa = PBXGroup;
			children = (
				D2ABE3942C4F86FA00F4FA04 /* DemoUITests.swift */,
				D2ABE3962C4F86FA00F4FA04 /* DemoUITestsLaunchTests.swift */,
			);
			path = DemoUITests;
			sourceTree = "<group>";
		};
/* End PBXGroup section */

/* Begin PBXNativeTarget section */
		D2ABE36F2C4F86F900F4FA04 /* Demo */ = {
			isa = PBXNativeTarget;
			buildConfigurationList = D2ABE39A2C4F86FA00F4FA04 /* Build configuration list for PBXNativeTarget "Demo" */;
			buildPhases = (
				D2ABE36C2C4F86F900F4FA04 /* Sources */,
				D2ABE36D2C4F86F900F4FA04 /* Frameworks */,
				D2ABE36E2C4F86F900F4FA04 /* Resources */,
			);
			buildRules = (
			);
			dependencies = (
			);
			name = Demo;
			productName = Demo;
			productReference = D2ABE3702C4F86F900F4FA04 /* Demo.app */;
			productType = "com.apple.product-type.application";
		};
		D2ABE3852C4F86FA00F4FA04 /* DemoTests */ = {
			isa = PBXNativeTarget;
			buildConfigurationList = D2ABE39D2C4F86FA00F4FA04 /* Build configuration list for PBXNativeTarget "DemoTests" */;
			buildPhases = (
				D2ABE3822C4F86FA00F4FA04 /* Sources */,
				D2ABE3832C4F86FA00F4FA04 /* Frameworks */,
				D2ABE3842C4F86FA00F4FA04 /* Resources */,
			);
			buildRules = (
			);
			dependencies = (
				D2ABE3882C4F86FA00F4FA04 /* PBXTargetDependency */,
			);
			name = DemoTests;
			productName = DemoTests;
			productReference = D2ABE3862C4F86FA00F4FA04 /* DemoTests.xctest */;
			productType = "com.apple.product-type.bundle.unit-test";
		};
		D2ABE38F2C4F86FA00F4FA04 /* DemoUITests */ = {
			isa = PBXNativeTarget;
			buildConfigurationList = D2ABE3A02C4F86FA00F4FA04 /* Build configuration list for PBXNativeTarget "DemoUITests" */;
			buildPhases = (
				D2ABE38C2C4F86FA00F4FA04 /* Sources */,
				D2ABE38D2C4F86FA00F4FA04 /* Frameworks */,
				D2ABE38E2C4F86FA00F4FA04 /* Resources */,
			);
			buildRules = (
			);
			dependencies = (
				D2ABE3922C4F86FA00F4FA04 /* PBXTargetDependency */,
			);
			name = DemoUITests;
			productName = DemoUITests;
			productReference = D2ABE3902C4F86FA00F4FA04 /* DemoUITests.xctest */;
			productType = "com.apple.product-type.bundle.ui-testing";
		};
/* End PBXNativeTarget section */

/* Begin PBXProject section */
		D2ABE3682C4F86F900F4FA04 /* Project object */ = {
			isa = PBXProject;
			attributes = {
				BuildIndependentTargetsInParallel = 1;
				LastSwiftUpdateCheck = 1540;
				LastUpgradeCheck = 1540;
				TargetAttributes = {
					D2ABE36F2C4F86F900F4FA04 = {
						CreatedOnToolsVersion = 15.4;
					};
					D2ABE3852C4F86FA00F4FA04 = {
						CreatedOnToolsVersion = 15.4;
						TestTargetID = D2ABE36F2C4F86F900F4FA04;
					};
					D2ABE38F2C4F86FA00F4FA04 = {
						CreatedOnToolsVersion = 15.4;
						TestTargetID = D2ABE36F2C4F86F900F4FA04;
					};
				};
			};
			buildConfigurationList = D2ABE36B2C4F86F900F4FA04 /* Build configuration list for PBXProject "Demo" */;
			compatibilityVersion = "Xcode 14.0";
			developmentRegion = en;
			hasScannedForEncodings = 0;
			knownRegions = (
				en,
				Base,
			);
			mainGroup = D2ABE3672C4F86F900F4FA04;
			productRefGroup = D2ABE3712C4F86F900F4FA04 /* Products */;
			projectDirPath = "";
			projectRoot = "";
			targets = (
				D2ABE36F2C4F86F900F4FA04 /* Demo */,
				D2ABE3852C4F86FA00F4FA04 /* DemoTests */,
				D2ABE38F2C4F86FA00F4FA04 /* DemoUITests */,
			);
		};
/* End PBXProject section */

/* Begin PBXResourcesBuildPhase section */
		D2ABE36E2C4F86F900F4FA04 /* Resources */ = {
			isa = PBXResourcesBuildPhase;
			buildActionMask = 2147483647;
			files = (
				D2ABE37D2C4F86FA00F4FA04 /* Assets.xcassets in Resources */,
				D2ABE3802C4F86FA00F4FA04 /* Base in Resources */,
				D2ABE37B2C4F86F900F4FA04 /* Base in Resources */,
			);
			runOnlyForDeploymentPostprocessing = 0;
		};
		D2ABE3842C4F86FA00F4FA04 /* Resources */ = {
			isa = PBXResourcesBuildPhase;
			buildActionMask = 2147483647;
			files = (
			);
			runOnlyForDeploymentPostprocessing = 0;
		};
		D2ABE38E2C4F86FA00F4FA04 /* Resources */ = {
			isa = PBXResourcesBuildPhase;
			buildActionMask = 2147483647;
			files = (
			);
			runOnlyForDeploymentPostprocessing = 0;
		};
/* End PBXResourcesBuildPhase section */

/* Begin PBXSourcesBuildPhase section */
		D2ABE36C2C4F86F900F4FA04 /* Sources */ = {
			isa = PBXSourcesBuildPhase;
			buildActionMask = 2147483647;
			files = (
				D2ABE3782C4F86F900F4FA04 /* ViewController.swift in Sources */,
				D2ABE3742C4F86F900F4FA04 /* AppDelegate.swift in Sources */,
				D2ABE3762C4F86F900F4FA04 /* SceneDelegate.swift in Sources */,
			);
			runOnlyForDeploymentPostprocessing = 0;
		};
		D2ABE3822C4F86FA00F4FA04 /* Sources */ = {
			isa = PBXSourcesBuildPhase;
			buildActionMask = 2147483647;
			files = (
				D2ABE38B2C4F86FA00F4FA04 /* DemoTests.swift in Sources */,
			);
			runOnlyForDeploymentPostprocessing = 0;
		};
		D2ABE38C2C4F86FA00F4FA04 /* Sources */ = {
			isa = PBXSourcesBuildPhase;
			buildActionMask = 2147483647;
			files = (
				D2ABE3952C4F86FA00F4FA04 /* DemoUITests.swift in Sources */,
				D2ABE3972C4F86FA00F4FA04 /* DemoUITestsLaunchTests.swift in Sources */,
			);
			runOnlyForDeploymentPostprocessing = 0;
		};
/* End PBXSourcesBuildPhase section */

/* Begin PBXTargetDependency section */
		D2ABE3882C4F86FA00F4FA04 /* PBXTargetDependency */ = {
			isa = PBXTargetDependency;
			target = D2ABE36F2C4F86F900F4FA04 /* Demo */;
			targetProxy = D2ABE3872C4F86FA00F4FA04 /* PBXContainerItemProxy */;
		};
		D2ABE3922C4F86FA00F4FA04 /* PBXTargetDependency */ = {
			isa = PBXTargetDependency;
			target = D2ABE36F2C4F86F900F4FA04 /* Demo */;
			targetProxy = D2ABE3912C4F86FA00F4FA04 /* PBXContainerItemProxy */;
		};
/* End PBXTargetDependency section */

/* Begin PBXVariantGroup section */
		D2ABE3792C4F86F900F4FA04 /* Main.storyboard */ = {
			isa = PBXVariantGroup;
			children = (
				D2ABE37A2C4F86F900F4FA04 /* Base */,
			);
			name = Main.storyboard;
			sourceTree = "<group>";
		};
		D2ABE37E2C4F86FA00F4FA04 /* LaunchScreen.storyboard */ = {
			isa = PBXVariantGroup;
			children = (
				D2ABE37F2C4F86FA00F4FA04 /* Base */,
			);
			name = LaunchScreen.storyboard;
			sourceTree = "<group>";
		};
/* End PBXVariantGroup section */

/* Begin XCBuildConfiguration section */
		D2ABE3982C4F86FA00F4FA04 /* Debug */ = {
			isa = XCBuildConfiguration;
			buildSettings = {
				ALWAYS_SEARCH_USER_PATHS = NO;
				ASSETCATALOG_COMPILER_GENERATE_SWIFT_ASSET_SYMBOL_EXTENSIONS = YES;
				CLANG_ANALYZER_NONNULL = YES;
				CLANG_ANALYZER_NUMBER_OBJECT_CONVERSION = YES_AGGRESSIVE;
				CLANG_CXX_LANGUAGE_STANDARD = "gnu++20";
				CLANG_ENABLE_MODULES = YES;
				CLANG_ENABLE_OBJC_ARC = YES;
				CLANG_ENABLE_OBJC_WEAK = YES;
				CLANG_WARN_BLOCK_CAPTURE_AUTORELEASING = YES;
				CLANG_WARN_BOOL_CONVERSION = YES;
				CLANG_WARN_COMMA = YES;
				CLANG_WARN_CONSTANT_CONVERSION = YES;
				CLANG_WARN_DEPRECATED_OBJC_IMPLEMENTATIONS = YES;
				CLANG_WARN_DIRECT_OBJC_ISA_USAGE = YES_ERROR;
				CLANG_WARN_DOCUMENTATION_COMMENTS = YES;
				CLANG_WARN_EMPTY_BODY = YES;
				CLANG_WARN_ENUM_CONVERSION = YES;
				CLANG_WARN_INFINITE_RECURSION = YES;
				CLANG_WARN_INT_CONVERSION = YES;
				CLANG_WARN_NON_LITERAL_NULL_CONVERSION = YES;
				CLANG_WARN_OBJC_IMPLICIT_RETAIN_SELF = YES;
				CLANG_WARN_OBJC_LITERAL_CONVERSION = YES;
				CLANG_WARN_OBJC_ROOT_CLASS = YES_ERROR;
				CLANG_WARN_QUOTED_INCLUDE_IN_FRAMEWORK_HEADER = YES;
				CLANG_WARN_RANGE_LOOP_ANALYSIS = YES;
				CLANG_WARN_STRICT_PROTOTYPES = YES;
				CLANG_WARN_SUSPICIOUS_MOVE = YES;
				CLANG_WARN_UNGUARDED_AVAILABILITY = YES_AGGRESSIVE;
				CLANG_WARN_UNREACHABLE_CODE = YES;
				CLANG_WARN__DUPLICATE_METHOD_MATCH = YES;
				COPY_PHASE_STRIP = NO;
				DEBUG_INFORMATION_FORMAT = dwarf;
				ENABLE_STRICT_OBJC_MSGSEND = YES;
				ENABLE_TESTABILITY = YES;
				ENABLE_USER_SCRIPT_SANDBOXING = YES;
				GCC_C_LANGUAGE_STANDARD = gnu17;
				GCC_DYNAMIC_NO_PIC = NO;
				GCC_NO_COMMON_BLOCKS = YES;
				GCC_OPTIMIZATION_LEVEL = 0;
				GCC_PREPROCESSOR_DEFINITIONS = (
					"DEBUG=1",
					"$(inherited)",
				);
				GCC_WARN_64_TO_32_BIT_CONVERSION = YES;
				GCC_WARN_ABOUT_RETURN_TYPE = YES_ERROR;
				GCC_WARN_UNDECLARED_SELECTOR = YES;
				GCC_WARN_UNINITIALIZED_AUTOS = YES_AGGRESSIVE;
				GCC_WARN_UNUSED_FUNCTION = YES;
				GCC_WARN_UNUSED_VARIABLE = YES;
				IPHONEOS_DEPLOYMENT_TARGET = 17.5;
				LOCALIZATION_PREFERS_STRING_CATALOGS = YES;
				MTL_ENABLE_DEBUG_INFO = INCLUDE_SOURCE;
				MTL_FAST_MATH = YES;
				ONLY_ACTIVE_ARCH = YES;
				SDKROOT = iphoneos;
				SWIFT_ACTIVE_COMPILATION_CONDITIONS = "DEBUG $(inherited)";
				SWIFT_OPTIMIZATION_LEVEL = "-Onone";
			};
			name = Debug;
		};
		D2ABE3992C4F86FA00F4FA04 /* Release */ = {
			isa = XCBuildConfiguration;
			buildSettings = {
				ALWAYS_SEARCH_USER_PATHS = NO;
				ASSETCATALOG_COMPILER_GENERATE_SWIFT_ASSET_SYMBOL_EXTENSIONS = YES;
				CLANG_ANALYZER_NONNULL = YES;
				CLANG_ANALYZER_NUMBER_OBJECT_CONVERSION = YES_AGGRESSIVE;
				CLANG_CXX_LANGUAGE_STANDARD = "gnu++20";
				CLANG_ENABLE_MODULES = YES;
				CLANG_ENABLE_OBJC_ARC = YES;
				CLANG_ENABLE_OBJC_WEAK = YES;
				CLANG_WARN_BLOCK_CAPTURE_AUTORELEASING = YES;
				CLANG_WARN_BOOL_CONVERSION = YES;
				CLANG_WARN_COMMA = YES;
				CLANG_WARN_CONSTANT_CONVERSION = YES;
				CLANG_WARN_DEPRECATED_OBJC_IMPLEMENTATIONS = YES;
				CLANG_WARN_DIRECT_OBJC_ISA_USAGE = YES_ERROR;
				CLANG_WARN_DOCUMENTATION_COMMENTS = YES;
				CLANG_WARN_EMPTY_BODY = YES;
				CLANG_WARN_ENUM_CONVERSION = YES;
				CLANG_WARN_INFINITE_RECURSION = YES;
				CLANG_WARN_INT_CONVERSION = YES;
				CLANG_WARN_NON_LITERAL_NULL_CONVERSION = YES;
				CLANG_WARN_OBJC_IMPLICIT_RETAIN_SELF = YES;
				CLANG_WARN_OBJC_LITERAL_CONVERSION = YES;
				CLANG_WARN_OBJC_ROOT_CLASS = YES_ERROR;
				CLANG_WARN_QUOTED_INCLUDE_IN_FRAMEWORK_HEADER = YES;
				CLANG_WARN_RANGE_LOOP_ANALYSIS = YES;
				CLANG_WARN_STRICT_PROTOTYPES = YES;
				CLANG_WARN_SUSPICIOUS_MOVE = YES;
				CLANG_WARN_UNGUARDED_AVAILABILITY = YES_AGGRESSIVE;
				CLANG_WARN_UNREACHABLE_CODE = YES;
				CLANG_WARN__DUPLICATE_METHOD_MATCH = YES;
				COPY_PHASE_STRIP = NO;
				DEBUG_INFORMATION_FORMAT = "dwarf-with-dsym";
				ENABLE_NS_ASSERTIONS = NO;
				ENABLE_STRICT_OBJC_MSGSEND = YES;
				ENABLE_USER_SCRIPT_SANDBOXING = YES;
				GCC_C_LANGUAGE_STANDARD = gnu17;
				GCC_NO_COMMON_BLOCKS = YES;
				GCC_WARN_64_TO_32_BIT_CONVERSION = YES;
				GCC_WARN_ABOUT_RETURN_TYPE = YES_ERROR;
				GCC_WARN_UNDECLARED_SELECTOR = YES;
				GCC_WARN_UNINITIALIZED_AUTOS = YES_AGGRESSIVE;
				GCC_WARN_UNUSED_FUNCTION = YES;
				GCC_WARN_UNUSED_VARIABLE = YES;
				IPHONEOS_DEPLOYMENT_TARGET = 17.5;
				LOCALIZATION_PREFERS_STRING_CATALOGS = YES;
				MTL_ENABLE_DEBUG_INFO = NO;
				MTL_FAST_MATH = YES;
				SDKROOT = iphoneos;
				SWIFT_COMPILATION_MODE = wholemodule;
				VALIDATE_PRODUCT = YES;
			};
			name = Release;
		};
		D2ABE39B2C4F86FA00F4FA04 /* Debug */ = {
			isa = XCBuildConfiguration;
			buildSettings = {
				ASSETCATALOG_COMPILER_APPICON_NAME = AppIcon;
				ASSETCATALOG_COMPILER_GLOBAL_ACCENT_COLOR_NAME = AccentColor;
				CODE_SIGN_STYLE = Automatic;
				CURRENT_PROJECT_VERSION = 1;
				GENERATE_INFOPLIST_FILE = YES;
				INFOPLIST_FILE = Demo/Info.plist;
				INFOPLIST_KEY_UIApplicationSupportsIndirectInputEvents = YES;
				INFOPLIST_KEY_UILaunchStoryboardName = LaunchScreen;
				INFOPLIST_KEY_UIMainStoryboardFile = Main;
				INFOPLIST_KEY_UISupportedInterfaceOrientations_iPad = "UIInterfaceOrientationPortrait UIInterfaceOrientationPortraitUpsideDown UIInterfaceOrientationLandscapeLeft UIInterfaceOrientationLandscapeRight";
				INFOPLIST_KEY_UISupportedInterfaceOrientations_iPhone = "UIInterfaceOrientationPortrait UIInterfaceOrientationLandscapeLeft UIInterfaceOrientationLandscapeRight";
				LD_RUNPATH_SEARCH_PATHS = (
					"$(inherited)",
					"@executable_path/Frameworks",
				);
				MARKETING_VERSION = 1.0;
				PRODUCT_BUNDLE_IDENTIFIER = com.tp.prisching.Demo;
				PRODUCT_NAME = "$(TARGET_NAME)";
				SWIFT_EMIT_LOC_STRINGS = YES;
				SWIFT_VERSION = 5.0;
				TARGETED_DEVICE_FAMILY = "1,2";
			};
			name = Debug;
		};
		D2ABE39C2C4F86FA00F4FA04 /* Release */ = {
			isa = XCBuildConfiguration;
			buildSettings = {
				ASSETCATALOG_COMPILER_APPICON_NAME = AppIcon;
				ASSETCATALOG_COMPILER_GLOBAL_ACCENT_COLOR_NAME = AccentColor;
				CODE_SIGN_STYLE = Automatic;
				CURRENT_PROJECT_VERSION = 1;
				GENERATE_INFOPLIST_FILE = YES;
				INFOPLIST_FILE = Demo/Info.plist;
				INFOPLIST_KEY_UIApplicationSupportsIndirectInputEvents = YES;
				INFOPLIST_KEY_UILaunchStoryboardName = LaunchScreen;
				INFOPLIST_KEY_UIMainStoryboardFile = Main;
				INFOPLIST_KEY_UISupportedInterfaceOrientations_iPad = "UIInterfaceOrientationPortrait UIInterfaceOrientationPortraitUpsideDown UIInterfaceOrientationLandscapeLeft UIInterfaceOrientationLandscapeRight";
				INFOPLIST_KEY_UISupportedInterfaceOrientations_iPhone = "UIInterfaceOrientationPortrait UIInterfaceOrientationLandscapeLeft UIInterfaceOrientationLandscapeRight";
				LD_RUNPATH_SEARCH_PATHS = (
					"$(inherited)",
					"@executable_path/Frameworks",
				);
				MARKETING_VERSION = 1.0;
				PRODUCT_BUNDLE_IDENTIFIER = com.tp.prisching.Demo;
				PRODUCT_NAME = "$(TARGET_NAME)";
				SWIFT_EMIT_LOC_STRINGS = YES;
				SWIFT_VERSION = 5.0;
				TARGETED_DEVICE_FAMILY = "1,2";
			};
			name = Release;
		};
		D2ABE39E2C4F86FA00F4FA04 /* Debug */ = {
			isa = XCBuildConfiguration;
			buildSettings = {
				ALWAYS_EMBED_SWIFT_STANDARD_LIBRARIES = YES;
				BUNDLE_LOADER = "$(TEST_HOST)";
				CODE_SIGN_STYLE = Automatic;
				CURRENT_PROJECT_VERSION = 1;
				GENERATE_INFOPLIST_FILE = YES;
				IPHONEOS_DEPLOYMENT_TARGET = 17.5;
				MARKETING_VERSION = 1.0;
				PRODUCT_BUNDLE_IDENTIFIER = com.tp.prisching.DemoTests;
				PRODUCT_NAME = "$(TARGET_NAME)";
				SWIFT_EMIT_LOC_STRINGS = NO;
				SWIFT_VERSION = 5.0;
				TARGETED_DEVICE_FAMILY = "1,2";
				TEST_HOST = "$(BUILT_PRODUCTS_DIR)/Demo.app/$(BUNDLE_EXECUTABLE_FOLDER_PATH)/Demo";
			};
			name = Debug;
		};
		D2ABE39F2C4F86FA00F4FA04 /* Release */ = {
			isa = XCBuildConfiguration;
			buildSettings = {
				ALWAYS_EMBED_SWIFT_STANDARD_LIBRARIES = YES;
				BUNDLE_LOADER = "$(TEST_HOST)";
				CODE_SIGN_STYLE = Automatic;
				CURRENT_PROJECT_VERSION = 1;
				GENERATE_INFOPLIST_FILE = YES;
				IPHONEOS_DEPLOYMENT_TARGET = 17.5;
				MARKETING_VERSION = 1.0;
				PRODUCT_BUNDLE_IDENTIFIER = com.tp.prisching.DemoTests;
				PRODUCT_NAME = "$(TARGET_NAME)";
				SWIFT_EMIT_LOC_STRINGS = NO;
				SWIFT_VERSION = 5.0;
				TARGETED_DEVICE_FAMILY = "1,2";
				TEST_HOST = "$(BUILT_PRODUCTS_DIR)/Demo.app/$(BUNDLE_EXECUTABLE_FOLDER_PATH)/Demo";
			};
			name = Release;
		};
		D2ABE3A12C4F86FA00F4FA04 /* Debug */ = {
			isa = XCBuildConfiguration;
			buildSettings = {
				ALWAYS_EMBED_SWIFT_STANDARD_LIBRARIES = YES;
				CODE_SIGN_STYLE = Automatic;
				CURRENT_PROJECT_VERSION = 1;
				GENERATE_INFOPLIST_FILE = YES;
				MARKETING_VERSION = 1.0;
				PRODUCT_BUNDLE_IDENTIFIER = com.tp.prisching.DemoUITests;
				PRODUCT_NAME = "$(TARGET_NAME)";
				SWIFT_EMIT_LOC_STRINGS = NO;
				SWIFT_VERSION = 5.0;
				TARGETED_DEVICE_FAMILY = "1,2";
				TEST_TARGET_NAME = Demo;
			};
			name = Debug;
		};
		D2ABE3A22C4F86FA00F4FA04 /* Release */ = {
			isa = XCBuildConfiguration;
			buildSettings = {
				ALWAYS_EMBED_SWIFT_STANDARD_LIBRARIES = YES;
				CODE_SIGN_STYLE = Automatic;
				CURRENT_PROJECT_VERSION = 1;
				GENERATE_INFOPLIST_FILE = YES;
				MARKETING_VERSION = 1.0;
				PRODUCT_BUNDLE_IDENTIFIER = com.tp.prisching.DemoUITests;
				PRODUCT_NAME = "$(TARGET_NAME)";
				SWIFT_EMIT_LOC_STRINGS = NO;
				SWIFT_VERSION = 5.0;
				TARGETED_DEVICE_FAMILY = "1,2";
				TEST_TARGET_NAME = Demo;
			};
			name = Release;
		};
/* End XCBuildConfiguration section */

/* Begin XCConfigurationList section */
		D2ABE36B2C4F86F900F4FA04 /* Build configuration list for PBXProject "Demo" */ = {
			isa = XCConfigurationList;
			buildConfigurations = (
				D2ABE3982C4F86FA00F4FA04 /* Debug */,
				D2ABE3992C4F86FA00F4FA04 /* Release */,
			);
			defaultConfigurationIsVisible = 0;
			defaultConfigurationName = Release;
		};
		D2ABE39A2C4F86FA00F4FA04 /* Build configuration list for PBXNativeTarget "Demo" */ = {
			isa = XCConfigurationList;
			buildConfigurations = (
				D2ABE39B2C4F86FA00F4FA04 /* Debug */,
				D2ABE39C2C4F86FA00F4FA04 /* Release */,
			);
			defaultConfigurationIsVisible = 0;
			defaultConfigurationName = Release;
		};
		D2ABE39D2C4F86FA00F4FA04 /* Build configuration list for PBXNativeTarget "DemoTests" */ = {
			isa = XCConfigurationList;
			buildConfigurations = (
				D2ABE39E2C4F86FA00F4FA04 /* Debug */,
				D2ABE39F2C4F86FA00F4FA04 /* Release */,
			);
			defaultConfigurationIsVisible = 0;
			defaultConfigurationName = Release;
		};
		D2ABE3A02C4F86FA00F4FA04 /* Build configuration list for PBXNativeTarget "DemoUITests" */ = {
			isa = XCConfigurationList;
			buildConfigurations = (
				D2ABE3A12C4F86FA00F4FA04 /* Debug */,
				D2ABE3A22C4F86FA00F4FA04 /* Release */,
			);
			defaultConfigurationIsVisible = 0;
			defaultConfigurationName = Release;
		};
/* End XCConfigurationList section */
	};
	rootObject = D2ABE3682C4F86F900F4FA04 /* Project object */;
}
